<?xml version="1.0" encoding="utf-8"?>
<Project ToolsVersion="4.0" xmlns="http://schemas.microsoft.com/developer/msbuild/2003">
  <ItemGroup>
    <Filter Include="Source Files">
      <UniqueIdentifier>{4FC737F1-C7A5-4376-A066-2A32D752A2FF}</UniqueIdentifier>
      <Extensions>cpp;c;cc;cxx;c++;cppm;ixx;def;odl;idl;hpj;bat;asm;asmx</Extensions>
    </Filter>
    <Filter Include="Resource Files">
      <UniqueIdentifier>{67DA6AB6-F800-4c08-8B7A-83BB121AAD01}</UniqueIdentifier>
      <Extensions>rc;ico;cur;bmp;dlg;rc2;rct;bin;rgs;gif;jpg;jpeg;jpe;resx;tiff;tif;png;wav;mfcribbon-ms</Extensions>
    </Filter>
  </ItemGroup>
  <ItemGroup>
    <ClCompile Include="main.c">
      <Filter>Source Files</Filter>
    </ClCompile>
    <ClCompile Include="Set2.c">
      <Filter>Source Files</Filter>
    </ClCompile>
    <ClCompile Include="Set1.c">
      <Filter>Source Files</Filter>
    </ClCompile>
    <ClCompile Include="TaskChoosing.c">
      <Filter>Source Files</Filter>
    </ClCompile>
    <ClCompile Include="Lab1.c">
      <Filter>Source Files</Filter>
    </ClCompile>
    <ClCompile Include="Set3.c">
      <Filter>Source Files</Filter>
    </ClCompile>
    <ClCompile Include="Lab2.c">
      <Filter>Source Files</Filter>
    </ClCompile>
    <ClCompile Include="Set4.c">
      <Filter>Source Files</Filter>
    </ClCompile>
    <ClCompile Include="Set5.c">
      <Filter>Source Files</Filter>
    </ClCompile>
    <ClCompile Include="Lab3-graded.c">
      <Filter>Source Files</Filter>
    </ClCompile>
    <ClCompile Include="Set6.c">
      <Filter>Source Files</Filter>
    </ClCompile>
    <ClCompile Include="Set7.c">
      <Filter>Source Files</Filter>
    </ClCompile>
    <ClCompile Include="Lab4.c">
      <Filter>Source Files</Filter>
    </ClCompile>
    <ClCompile Include="Lab5-graded.c">
      <Filter>Source Files</Filter>
    </ClCompile>
    <ClCompile Include="Lab6.c">
      <Filter>Source Files</Filter>
    </ClCompile>
    <ClCompile Include="Lab7-graded.c">
      <Filter>Source Files</Filter>
    </ClCompile>
    <ClCompile Include="Lab8.c">
      <Filter>Source Files</Filter>
    </ClCompile>
    <ClCompile Include="Lab9-graded.c">
      <Filter>Source Files</Filter>
    </ClCompile>
    <ClCompile Include="Lab10.c">
      <Filter>Source Files</Filter>
    </ClCompile>
    <ClCompile Include="Lab12.c">
      <Filter>Source Files</Filter>
    </ClCompile>
    <ClCompile Include="Lab11-graded.c">
      <Filter>Source Files</Filter>
    </ClCompile>
    <ClCompile Include="Lab13-graded.c">
      <Filter>Source Files</Filter>
    </ClCompile>
    <ClCompile Include="Set8.c">
      <Filter>Source Files</Filter>
    </ClCompile>
  </ItemGroup>
  <ItemGroup>
    <Text Include="set8_task3_students.txt">
      <Filter>Source Files</Filter>
    </Text>
    <Text Include="set8_task1.txt">
      <Filter>Source Files</Filter>
    </Text>
  </ItemGroup>
</Project>